
Microsoft Visual Studio Solution File, Format Version 12.00
# Visual Studio 14
VisualStudioVersion = 14.0.24720.0
MinimumVisualStudioVersion = 10.0.40219.1
Project("{8BC9CEB8-8B4A-11D0-8D11-00A0C91BC942}") = "SpecialK", "src\SpecialK.vcxproj", "{6E61C1C4-82B1-43E8-BB58-BFE41AC6D9B3}"
EndProject
Project("{2150E333-8FDC-42A3-9474-1A3956D46DE8}") = "Solution Items", "Solution Items", "{44C30E74-5ABF-4FB9-A29B-C84B51BBAFE7}"
	ProjectSection(SolutionItems) = preProject
		installer64.dll = installer64.dll
	EndProjectSection
EndProject
Global
	GlobalSection(SolutionConfigurationPlatforms) = preSolution
		D3D9|x64 = D3D9|x64
		D3D9|x86 = D3D9|x86
		Debug|x64 = Debug|x64
		Debug|x86 = Debug|x86
		OpenGL|x64 = OpenGL|x64
		OpenGL|x86 = OpenGL|x86
		Release|x64 = Release|x64
		Release|x86 = Release|x86
		SwordCoastLegends|x64 = SwordCoastLegends|x64
		SwordCoastLegends|x86 = SwordCoastLegends|x86
		TSFix|x64 = TSFix|x64
		TSFix|x86 = TSFix|x86
		UnX|x64 = UnX|x64
		UnX|x86 = UnX|x86
	EndGlobalSection
	GlobalSection(ProjectConfigurationPlatforms) = postSolution
		{6E61C1C4-82B1-43E8-BB58-BFE41AC6D9B3}.D3D9|x64.ActiveCfg = D3D9|x64
		{6E61C1C4-82B1-43E8-BB58-BFE41AC6D9B3}.D3D9|x64.Build.0 = D3D9|x64
		{6E61C1C4-82B1-43E8-BB58-BFE41AC6D9B3}.D3D9|x86.ActiveCfg = D3D9|Win32
		{6E61C1C4-82B1-43E8-BB58-BFE41AC6D9B3}.D3D9|x86.Build.0 = D3D9|Win32
		{6E61C1C4-82B1-43E8-BB58-BFE41AC6D9B3}.Debug|x64.ActiveCfg = Debug|x64
		{6E61C1C4-82B1-43E8-BB58-BFE41AC6D9B3}.Debug|x64.Build.0 = Debug|x64
		{6E61C1C4-82B1-43E8-BB58-BFE41AC6D9B3}.Debug|x86.ActiveCfg = Debug|Win32
		{6E61C1C4-82B1-43E8-BB58-BFE41AC6D9B3}.Debug|x86.Build.0 = Debug|Win32
		{6E61C1C4-82B1-43E8-BB58-BFE41AC6D9B3}.OpenGL|x64.ActiveCfg = OpenGL|x64
		{6E61C1C4-82B1-43E8-BB58-BFE41AC6D9B3}.OpenGL|x64.Build.0 = OpenGL|x64
		{6E61C1C4-82B1-43E8-BB58-BFE41AC6D9B3}.OpenGL|x86.ActiveCfg = OpenGL|Win32
		{6E61C1C4-82B1-43E8-BB58-BFE41AC6D9B3}.OpenGL|x86.Build.0 = OpenGL|Win32
		{6E61C1C4-82B1-43E8-BB58-BFE41AC6D9B3}.Release|x64.ActiveCfg = Release|x64
		{6E61C1C4-82B1-43E8-BB58-BFE41AC6D9B3}.Release|x64.Build.0 = Release|x64
		{6E61C1C4-82B1-43E8-BB58-BFE41AC6D9B3}.Release|x86.ActiveCfg = Release|Win32
		{6E61C1C4-82B1-43E8-BB58-BFE41AC6D9B3}.Release|x86.Build.0 = Release|Win32
		{6E61C1C4-82B1-43E8-BB58-BFE41AC6D9B3}.SwordCoastLegends|x64.ActiveCfg = MGSVTPP|x64
		{6E61C1C4-82B1-43E8-BB58-BFE41AC6D9B3}.SwordCoastLegends|x64.Build.0 = MGSVTPP|x64
		{6E61C1C4-82B1-43E8-BB58-BFE41AC6D9B3}.SwordCoastLegends|x86.ActiveCfg = MGSVTPP|Win32
		{6E61C1C4-82B1-43E8-BB58-BFE41AC6D9B3}.SwordCoastLegends|x86.Build.0 = MGSVTPP|Win32
		{6E61C1C4-82B1-43E8-BB58-BFE41AC6D9B3}.TSFix|x64.ActiveCfg = TSFix|x64
		{6E61C1C4-82B1-43E8-BB58-BFE41AC6D9B3}.TSFix|x64.Build.0 = TSFix|x64
		{6E61C1C4-82B1-43E8-BB58-BFE41AC6D9B3}.TSFix|x86.ActiveCfg = TSFix|Win32
		{6E61C1C4-82B1-43E8-BB58-BFE41AC6D9B3}.TSFix|x86.Build.0 = TSFix|Win32
		{6E61C1C4-82B1-43E8-BB58-BFE41AC6D9B3}.UnX|x64.ActiveCfg = UnX|x64
		{6E61C1C4-82B1-43E8-BB58-BFE41AC6D9B3}.UnX|x64.Build.0 = UnX|x64
		{6E61C1C4-82B1-43E8-BB58-BFE41AC6D9B3}.UnX|x86.ActiveCfg = UnX|Win32
		{6E61C1C4-82B1-43E8-BB58-BFE41AC6D9B3}.UnX|x86.Build.0 = UnX|Win32
	EndGlobalSection
	GlobalSection(SolutionProperties) = preSolution
		HideSolutionNode = FALSE
	EndGlobalSection
EndGlobal
