<?xml version="1.0" encoding="utf-8"?>
<Project ToolsVersion="4.0" xmlns="http://schemas.microsoft.com/developer/msbuild/2003">
  <ItemGroup>
    <Filter Include="Source Files">
      <UniqueIdentifier>{4FC737F1-C7A5-4376-A066-2A32D752A2FF}</UniqueIdentifier>
      <Extensions>cpp;c;cc;cxx;def;odl;idl;hpj;bat;asm;asmx</Extensions>
    </Filter>
    <Filter Include="Header Files">
      <UniqueIdentifier>{93995380-89BD-4b04-88EB-625FBE52EBFB}</UniqueIdentifier>
      <Extensions>h;hh;hpp;hxx;hm;inl;inc;xsd</Extensions>
    </Filter>
    <Filter Include="Resource Files">
      <UniqueIdentifier>{67DA6AB6-F800-4c08-8B7A-83BB121AAD01}</UniqueIdentifier>
      <Extensions>rc;ico;cur;bmp;dlg;rc2;rct;bin;rgs;gif;jpg;jpeg;jpe;resx;tiff;tif;png;wav;mfcribbon-ms</Extensions>
    </Filter>
    <Filter Include="Header Files\Backends">
      <UniqueIdentifier>{0e02a0c0-6c2f-4c78-a9fc-5fb182057e3c}</UniqueIdentifier>
    </Filter>
    <Filter Include="Source Files\Backends">
      <UniqueIdentifier>{c3aa99c1-1a7a-44b3-a85e-71e8399357a9}</UniqueIdentifier>
    </Filter>
    <Filter Include="Libraries">
      <UniqueIdentifier>{6476d756-0c99-46ec-bc6c-4f9695d477e5}</UniqueIdentifier>
    </Filter>
    <Filter Include="Header Files\Diagnostics">
      <UniqueIdentifier>{05b0d4e1-1c73-4c73-b5b0-c2ab8082c6e9}</UniqueIdentifier>
    </Filter>
    <Filter Include="Header Files\DirectXTex">
      <UniqueIdentifier>{53877763-ffe5-4232-9427-f0c56a07fa57}</UniqueIdentifier>
    </Filter>
    <Filter Include="Source Files\Diagnostics">
      <UniqueIdentifier>{05e53788-2b5b-4da9-8e0a-749b8481056a}</UniqueIdentifier>
    </Filter>
    <Filter Include="Source Files\Update">
      <UniqueIdentifier>{e6ec08a7-8e65-4d10-90c4-450c13e4a46e}</UniqueIdentifier>
    </Filter>
    <Filter Include="Libraries\32-bit">
      <UniqueIdentifier>{1e45d49a-394f-4a90-9e05-01d4e9eb122b}</UniqueIdentifier>
    </Filter>
    <Filter Include="Libraries\64-bit">
      <UniqueIdentifier>{f24af793-8b2e-4853-96dc-0d0fb7754f2f}</UniqueIdentifier>
    </Filter>
    <Filter Include="Source Files\Stats">
      <UniqueIdentifier>{3875728f-4125-4054-8f97-91f239a011e9}</UniqueIdentifier>
    </Filter>
    <Filter Include="Source Files\Plugins">
      <UniqueIdentifier>{a28dbd7c-faa6-49fb-a3f1-1f61813370e6}</UniqueIdentifier>
    </Filter>
    <Filter Include="Source Files\OSD">
      <UniqueIdentifier>{71d75f35-e2d8-4f4e-bd93-ce5bd9c9edf9}</UniqueIdentifier>
    </Filter>
    <Filter Include="Header Files\Stats">
      <UniqueIdentifier>{46b35bbb-43dd-4ec7-83ea-39ec6981e286}</UniqueIdentifier>
    </Filter>
    <Filter Include="Header Files\Utility">
      <UniqueIdentifier>{62e65d77-0345-4c92-8a5c-8d7f951b04fc}</UniqueIdentifier>
    </Filter>
    <Filter Include="Source Files\Utility">
      <UniqueIdentifier>{b251c702-f9f1-46fa-b52e-ce0f44f96563}</UniqueIdentifier>
    </Filter>
    <Filter Include="Source Files\Config">
      <UniqueIdentifier>{437ec84a-fe34-4fbe-8205-38c72400b648}</UniqueIdentifier>
    </Filter>
    <Filter Include="Header Files\OSD">
      <UniqueIdentifier>{8fbcdce6-8e2c-4712-9b40-d4085ce8ac67}</UniqueIdentifier>
    </Filter>
    <Filter Include="Source Files\Core">
      <UniqueIdentifier>{ffa43eba-e15f-42a6-94db-48550860d406}</UniqueIdentifier>
    </Filter>
    <Filter Include="Source Files\Steam">
      <UniqueIdentifier>{c3098b41-772c-44ec-a241-c1d2809830e4}</UniqueIdentifier>
    </Filter>
    <Filter Include="Header Files\Core">
      <UniqueIdentifier>{a98c3961-e34c-4dee-bd96-cdaca60362c3}</UniqueIdentifier>
    </Filter>
    <Filter Include="Header Files\Steam">
      <UniqueIdentifier>{102f0d86-c8ed-40c2-9302-187b733bc17b}</UniqueIdentifier>
    </Filter>
    <Filter Include="DLL Export Definitions">
      <UniqueIdentifier>{5b9c5ae0-a6ca-41ed-bf90-f9485960db1e}</UniqueIdentifier>
    </Filter>
    <Filter Include="Install Components">
      <UniqueIdentifier>{2ee2bf9c-5aa5-4a03-84d9-3b3062390142}</UniqueIdentifier>
    </Filter>
    <Filter Include="Update Server">
      <UniqueIdentifier>{69190189-2515-42b6-a6e6-9814f2bb651a}</UniqueIdentifier>
    </Filter>
    <Filter Include="Header Files\Config">
      <UniqueIdentifier>{7d5f7846-2431-4902-b97b-a08873bbf392}</UniqueIdentifier>
    </Filter>
    <Filter Include="Source Files\ImGui">
      <UniqueIdentifier>{cf214024-b450-4bab-88b6-9b0f9bf7aee2}</UniqueIdentifier>
    </Filter>
    <Filter Include="Header Files\ImGui">
      <UniqueIdentifier>{6709c4e5-71e0-44ab-bfb0-4a9bfb68a346}</UniqueIdentifier>
    </Filter>
    <Filter Include="Header Files\stb">
      <UniqueIdentifier>{fe26823d-cc7b-4371-99fc-33ea554633c7}</UniqueIdentifier>
    </Filter>
    <Filter Include="Source Files\Backends\Update">
      <UniqueIdentifier>{6c9ee774-936a-4832-8a8a-c4cbf5b9a6f4}</UniqueIdentifier>
    </Filter>
    <Filter Include="Source Files\Backends\Input">
      <UniqueIdentifier>{254711e3-28ff-4fbd-8175-fa18b5b6a352}</UniqueIdentifier>
    </Filter>
    <Filter Include="Header Files\Backends\Input">
      <UniqueIdentifier>{72c67e28-e403-4857-b012-3e8c3d5987cd}</UniqueIdentifier>
    </Filter>
    <Filter Include="Source Files\Backends\Render">
      <UniqueIdentifier>{d3333596-3bf4-4078-b2cc-fd1b3cf3b353}</UniqueIdentifier>
    </Filter>
    <Filter Include="Source Files\Backends\Render\D3D9">
      <UniqueIdentifier>{038d867a-cc76-4b6b-be3b-f0c825a7fbd4}</UniqueIdentifier>
    </Filter>
    <Filter Include="Source Files\Backends\Render\DXGI">
      <UniqueIdentifier>{9fc0d275-b19f-426f-95cd-1ea60a0a4e4f}</UniqueIdentifier>
    </Filter>
    <Filter Include="Source Files\Backends\Render\OpenGL">
      <UniqueIdentifier>{660a5a14-f7cb-46cd-b8db-7a4c79494b74}</UniqueIdentifier>
    </Filter>
    <Filter Include="Source Files\Backends\Render\Vulkan">
      <UniqueIdentifier>{b3e55d30-eb61-4133-9051-ecef8c9b2ba3}</UniqueIdentifier>
    </Filter>
    <Filter Include="Source Files\Backends\Input\XInput">
      <UniqueIdentifier>{16541fb7-8a2b-4314-887b-7b2f6fb14460}</UniqueIdentifier>
    </Filter>
    <Filter Include="Source Files\Backends\Input\Steam">
      <UniqueIdentifier>{7ccfea9f-6e79-4034-a8ff-03925a9c532f}</UniqueIdentifier>
    </Filter>
    <Filter Include="Source Files\Backends\Input\HID">
      <UniqueIdentifier>{9e3f4015-6b36-4bfd-b248-98f9ecc51663}</UniqueIdentifier>
    </Filter>
    <Filter Include="Source Files\Backends\Input\DirectInput">
      <UniqueIdentifier>{0745912d-ee2d-464e-af70-a696b08bb85a}</UniqueIdentifier>
    </Filter>
    <Filter Include="Source Files\Backends\Input\RawInput">
      <UniqueIdentifier>{7255c8a8-67ce-4ca2-b845-fa7a2139307d}</UniqueIdentifier>
    </Filter>
    <Filter Include="Source Files\Backends\Input\WinMM">
      <UniqueIdentifier>{1a89460b-1056-41e2-8e1b-7ec8c75ae883}</UniqueIdentifier>
    </Filter>
    <Filter Include="Header Files\Backends\Render">
      <UniqueIdentifier>{bc556da4-4ff6-493c-a3d7-61a032c53c16}</UniqueIdentifier>
    </Filter>
    <Filter Include="Header Files\Backends\Render\Vulkan">
      <UniqueIdentifier>{9dab1f98-acb1-4149-9520-8225f69fc95a}</UniqueIdentifier>
    </Filter>
    <Filter Include="Header Files\Backends\Render\OpenGL">
      <UniqueIdentifier>{84c84912-d7f2-47e1-a62f-3d158cdf57fc}</UniqueIdentifier>
    </Filter>
    <Filter Include="Header Files\Backends\Render\DXGI">
      <UniqueIdentifier>{51556ace-0f83-4e7e-86f9-187c3ff300ba}</UniqueIdentifier>
    </Filter>
    <Filter Include="Header Files\Backends\Render\D3D9">
      <UniqueIdentifier>{6edf9f50-6c38-41f8-9392-801c33c99713}</UniqueIdentifier>
    </Filter>
    <Filter Include="Header Files\Backends\Input\XInput">
      <UniqueIdentifier>{34308ae9-cbef-4d8c-b596-f740b220f76b}</UniqueIdentifier>
    </Filter>
    <Filter Include="Header Files\Backends\Input\RawInput">
      <UniqueIdentifier>{69eae58e-4683-42c0-a93f-213a266d09d9}</UniqueIdentifier>
    </Filter>
    <Filter Include="Header Files\Backends\Input\DirectInput">
      <UniqueIdentifier>{bc817c0b-4958-4d2e-9fb5-2e83c3fabca7}</UniqueIdentifier>
    </Filter>
    <Filter Include="Header Files\Backends\Input\HID">
      <UniqueIdentifier>{15deb719-305e-4e72-a7a4-c37c34097ab4}</UniqueIdentifier>
    </Filter>
    <Filter Include="Header Files\Backends\Input\Steam">
      <UniqueIdentifier>{8d08864c-0c07-458d-a724-91ea7713e931}</UniqueIdentifier>
    </Filter>
    <Filter Include="Header Files\Backends\Input\WinMM">
      <UniqueIdentifier>{4b8d1c1f-caf6-47c3-8888-ad495da6cb19}</UniqueIdentifier>
    </Filter>
    <Filter Include="Header Files\Backends\Injection">
      <UniqueIdentifier>{4eb8f52c-c0bb-4370-b45b-c551d28f52bb}</UniqueIdentifier>
    </Filter>
    <Filter Include="Source Files\Backends\Injection">
      <UniqueIdentifier>{569bbbef-5600-47af-81d4-83c0349fc042}</UniqueIdentifier>
    </Filter>
    <Filter Include="Header Files\Update">
      <UniqueIdentifier>{6c5c0f3e-6b89-4600-993c-db87d90083cc}</UniqueIdentifier>
    </Filter>
    <Filter Include="Header Files\Plugins">
      <UniqueIdentifier>{ebca487d-f1cf-40ca-9c0a-cbca2889bb5c}</UniqueIdentifier>
    </Filter>
    <Filter Include="Header Files\Backends\Render\D3D8">
      <UniqueIdentifier>{ea2941f5-1ba5-41d4-8b46-b0ec1ac6c1ce}</UniqueIdentifier>
    </Filter>
    <Filter Include="Header Files\Backends\Render\DDraw">
      <UniqueIdentifier>{10611ec8-047b-4de6-879f-aaf611ca1087}</UniqueIdentifier>
    </Filter>
    <Filter Include="Source Files\Backends\Render\D3D8">
      <UniqueIdentifier>{09f216f3-b598-4a6a-aee1-587fd9d42d27}</UniqueIdentifier>
    </Filter>
    <Filter Include="Source Files\Backends\Render\DDraw">
      <UniqueIdentifier>{be4259a8-6e13-4821-8e15-b86ff8a6a7ad}</UniqueIdentifier>
    </Filter>
  </ItemGroup>
  <ItemGroup>
    <ClInclude Include="depends\DirectXTex\DDS.h">
      <Filter>Header Files\DirectXTex</Filter>
    </ClInclude>
    <ClInclude Include="depends\DirectXTex\DirectXTex.h">
      <Filter>Header Files\DirectXTex</Filter>
    </ClInclude>
    <ClInclude Include="depends\DirectXTex\DirectXTexP.h">
      <Filter>Header Files\DirectXTex</Filter>
    </ClInclude>
    <ClInclude Include="depends\DirectXTex\Filters.h">
      <Filter>Header Files\DirectXTex</Filter>
    </ClInclude>
    <ClInclude Include="depends\DirectXTex\scoped.h">
      <Filter>Header Files\DirectXTex</Filter>
    </ClInclude>
    <ClInclude Include="depends\DirectXTex\BC.h">
      <Filter>Header Files\DirectXTex</Filter>
    </ClInclude>
    <ClInclude Include="depends\DirectXTex\BCDirectCompute.h">
      <Filter>Header Files\DirectXTex</Filter>
    </ClInclude>
    <ClInclude Include="include\SpecialK\adl.h">
      <Filter>Header Files\Stats</Filter>
    </ClInclude>
    <ClInclude Include="include\SpecialK\gpu_monitor.h">
      <Filter>Header Files\Stats</Filter>
    </ClInclude>
    <ClInclude Include="include\SpecialK\memory_monitor.h">
      <Filter>Header Files\Stats</Filter>
    </ClInclude>
    <ClInclude Include="include\SpecialK\nvapi.h">
      <Filter>Header Files\Stats</Filter>
    </ClInclude>
    <ClInclude Include="include\SpecialK\io_monitor.h">
      <Filter>Header Files\Stats</Filter>
    </ClInclude>
    <ClInclude Include="include\SpecialK\framerate.h">
      <Filter>Header Files\Utility</Filter>
    </ClInclude>
    <ClInclude Include="include\SpecialK\utility.h">
      <Filter>Header Files\Utility</Filter>
    </ClInclude>
    <ClInclude Include="include\SpecialK\core.h">
      <Filter>Header Files\Core</Filter>
    </ClInclude>
    <ClInclude Include="include\SpecialK\log.h">
      <Filter>Header Files\Core</Filter>
    </ClInclude>
    <ClInclude Include="include\SpecialK\resource.h">
      <Filter>Header Files\Core</Filter>
    </ClInclude>
    <ClInclude Include="include\SpecialK\stdafx.h">
      <Filter>Header Files\Core</Filter>
    </ClInclude>
    <ClInclude Include="include\SpecialK\targetver.h">
      <Filter>Header Files\Core</Filter>
    </ClInclude>
    <ClInclude Include="include\SpecialK\tls.h">
      <Filter>Header Files\Core</Filter>
    </ClInclude>
    <ClInclude Include="include\SpecialK\command.h">
      <Filter>Header Files\OSD</Filter>
    </ClInclude>
    <ClInclude Include="include\SpecialK\console.h">
      <Filter>Header Files\OSD</Filter>
    </ClInclude>
    <ClInclude Include="include\SpecialK\osd\popup.h">
      <Filter>Header Files\OSD</Filter>
    </ClInclude>
    <ClInclude Include="include\SpecialK\osd\text.h">
      <Filter>Header Files\OSD</Filter>
    </ClInclude>
    <ClInclude Include="include\SpecialK\diagnostics\compatibility.h">
      <Filter>Header Files\Diagnostics</Filter>
    </ClInclude>
    <ClInclude Include="include\SpecialK\diagnostics\crash_handler.h">
      <Filter>Header Files\Diagnostics</Filter>
    </ClInclude>
    <ClInclude Include="include\SpecialK\diagnostics\debug_utils.h">
      <Filter>Header Files\Diagnostics</Filter>
    </ClInclude>
    <ClInclude Include="include\SpecialK\vulkan_backend.h">
      <Filter>Header Files\Backends\Render\Vulkan</Filter>
    </ClInclude>
    <ClInclude Include="include\SpecialK\opengl_backend.h">
      <Filter>Header Files\Backends\Render\OpenGL</Filter>
    </ClInclude>
    <ClInclude Include="include\SpecialK\DLL_VERSION.H">
      <Filter>Header Files\Core</Filter>
    </ClInclude>
    <ClInclude Include="include\SpecialK\config.h">
      <Filter>Header Files\Config</Filter>
    </ClInclude>
    <ClInclude Include="include\SpecialK\import.h">
      <Filter>Header Files\Config</Filter>
    </ClInclude>
    <ClInclude Include="include\SpecialK\parameter.h">
      <Filter>Header Files\Config</Filter>
    </ClInclude>
    <ClInclude Include="include\SpecialK\ini.h">
      <Filter>Header Files\Config</Filter>
    </ClInclude>
    <ClInclude Include="include\SpecialK\update\archive.h">
      <Filter>Source Files\Backends\Update</Filter>
    </ClInclude>
    <ClInclude Include="include\SpecialK\steam_api.h">
      <Filter>Header Files\Steam</Filter>
    </ClInclude>
    <ClInclude Include="include\SpecialK\d3d9_backend.h">
      <Filter>Header Files\Backends\Render\D3D9</Filter>
    </ClInclude>
    <ClInclude Include="include\SpecialK\d3d12_interfaces.h">
      <Filter>Header Files\Backends\Render\DXGI</Filter>
    </ClInclude>
    <ClInclude Include="include\SpecialK\dxgi_backend.h">
      <Filter>Header Files\Backends\Render\DXGI</Filter>
    </ClInclude>
    <ClInclude Include="include\SpecialK\dxgi_interfaces.h">
      <Filter>Header Files\Backends\Render\DXGI</Filter>
    </ClInclude>
    <ClInclude Include="include\SpecialK\d3d9\texmgr.h">
      <Filter>Header Files\Backends\Render\D3D9</Filter>
    </ClInclude>
    <ClInclude Include="include\SpecialK\hooks.h">
      <Filter>Header Files\Utility</Filter>
    </ClInclude>
    <ClInclude Include="include\SpecialK\window.h">
      <Filter>Header Files\Backends</Filter>
    </ClInclude>
    <ClInclude Include="include\SpecialK\sound.h">
      <Filter>Header Files\Utility</Filter>
    </ClInclude>
    <ClInclude Include="include\SpecialK\update\version.h">
      <Filter>Source Files\Backends\Update</Filter>
    </ClInclude>
    <ClInclude Include="include\SpecialK\update\network.h">
      <Filter>Source Files\Backends\Update</Filter>
    </ClInclude>
    <ClInclude Include="include\imgui\backends\imgui_d3d9.h">
      <Filter>Header Files\ImGui</Filter>
    </ClInclude>
    <ClInclude Include="include\imgui\imconfig.h">
      <Filter>Header Files\ImGui</Filter>
    </ClInclude>
    <ClInclude Include="include\imgui\imgui.h">
      <Filter>Header Files\ImGui</Filter>
    </ClInclude>
    <ClInclude Include="include\imgui\imgui_internal.h">
      <Filter>Header Files\ImGui</Filter>
    </ClInclude>
    <ClInclude Include="include\stb\rect_pack.h">
      <Filter>Header Files\stb</Filter>
    </ClInclude>
    <ClInclude Include="include\stb\textedit.h">
      <Filter>Header Files\stb</Filter>
    </ClInclude>
    <ClInclude Include="include\stb\truetype.h">
      <Filter>Header Files\stb</Filter>
    </ClInclude>
    <ClInclude Include="include\imgui\backends\imgui_d3d11.h">
      <Filter>Header Files\ImGui</Filter>
    </ClInclude>
    <ClInclude Include="resource.h">
      <Filter>Header Files</Filter>
    </ClInclude>
    <ClInclude Include="include\imgui\backends\imgui_gl3.h">
      <Filter>Header Files\ImGui</Filter>
    </ClInclude>
    <ClInclude Include="include\imgui\backends\imgui_vk.h">
      <Filter>Header Files\ImGui</Filter>
    </ClInclude>
    <ClInclude Include="include\SpecialK\input\input.h">
      <Filter>Header Files\Backends\Input</Filter>
    </ClInclude>
    <ClInclude Include="include\SpecialK\render_backend.h">
      <Filter>Header Files\Backends\Render</Filter>
    </ClInclude>
    <ClInclude Include="include\SpecialK\input\xinput_hotplug.h">
      <Filter>Header Files\Backends\Input\XInput</Filter>
    </ClInclude>
    <ClInclude Include="include\SpecialK\input\xinput.h">
      <Filter>Header Files\Backends\Input\XInput</Filter>
    </ClInclude>
    <ClInclude Include="include\SpecialK\injection\injection.h">
      <Filter>Header Files\Backends\Injection</Filter>
    </ClInclude>
    <ClInclude Include="include\SpecialK\plugin\plugin_mgr.h">
      <Filter>Header Files\Plugins</Filter>
    </ClInclude>
    <ClInclude Include="include\SpecialK\d3d8_backend.h">
      <Filter>Header Files\Backends\Render\D3D8</Filter>
    </ClInclude>
    <ClInclude Include="include\SpecialK\ddraw_backend.h">
      <Filter>Header Files\Backends\Render\DDraw</Filter>
    </ClInclude>
    <ClInclude Include="include\SpecialK\input\dinput8_backend.h">
      <Filter>Header Files\Backends\Input\DirectInput</Filter>
    </ClInclude>
  </ItemGroup>
  <ItemGroup>
    <ClCompile Include="src\stdafx.cpp">
      <Filter>Source Files\Core</Filter>
    </ClCompile>
    <ClCompile Include="src\core.cpp">
      <Filter>Source Files\Core</Filter>
    </ClCompile>
    <ClCompile Include="src\log.cpp">
      <Filter>Source Files\Core</Filter>
    </ClCompile>
    <ClCompile Include="src\adl.cpp">
      <Filter>Source Files\Stats</Filter>
    </ClCompile>
    <ClCompile Include="src\gpu_monitor.cpp">
      <Filter>Source Files\Stats</Filter>
    </ClCompile>
    <ClCompile Include="src\io_monitor.cpp">
      <Filter>Source Files\Stats</Filter>
    </ClCompile>
    <ClCompile Include="src\memory_monitor.cpp">
      <Filter>Source Files\Stats</Filter>
    </ClCompile>
    <ClCompile Include="src\nvapi.cpp">
      <Filter>Source Files\Stats</Filter>
    </ClCompile>
    <ClCompile Include="src\steam_api.cpp">
      <Filter>Source Files\Steam</Filter>
    </ClCompile>
    <ClCompile Include="src\SpecialK.cpp">
      <Filter>Source Files\Core</Filter>
    </ClCompile>
    <ClCompile Include="src\ini.cpp">
      <Filter>Source Files\Config</Filter>
    </ClCompile>
    <ClCompile Include="src\parameter.cpp">
      <Filter>Source Files\Config</Filter>
    </ClCompile>
    <ClCompile Include="src\config.cpp">
      <Filter>Source Files\Config</Filter>
    </ClCompile>
    <ClCompile Include="src\console.cpp">
      <Filter>Source Files\OSD</Filter>
    </ClCompile>
    <ClCompile Include="src\command.cpp">
      <Filter>Source Files\OSD</Filter>
    </ClCompile>
    <ClCompile Include="src\osd\text.cpp">
      <Filter>Source Files\OSD</Filter>
    </ClCompile>
    <ClCompile Include="src\osd\popup.cpp">
      <Filter>Source Files\OSD</Filter>
    </ClCompile>
    <ClCompile Include="src\dxgi.cpp">
      <Filter>Source Files\Backends\Render\DXGI</Filter>
    </ClCompile>
    <ClCompile Include="src\d3d11.cpp">
      <Filter>Source Files\Backends\Render\DXGI</Filter>
    </ClCompile>
    <ClCompile Include="src\d3d12.cpp">
      <Filter>Source Files\Backends\Render\DXGI</Filter>
    </ClCompile>
    <ClCompile Include="src\vulkan.cpp">
      <Filter>Source Files\Backends\Render\Vulkan</Filter>
    </ClCompile>
    <ClCompile Include="src\opengl.cpp">
      <Filter>Source Files\Backends\Render\OpenGL</Filter>
    </ClCompile>
    <ClCompile Include="src\plugins\fo4.cpp">
      <Filter>Source Files\Plugins</Filter>
    </ClCompile>
    <ClCompile Include="src\d3d9.cpp">
      <Filter>Source Files\Backends\Render\D3D9</Filter>
    </ClCompile>
    <ClCompile Include="src\d3d9\texmgr.cpp">
      <Filter>Source Files\Backends\Render\D3D9</Filter>
    </ClCompile>
    <ClCompile Include="src\update\version.cpp">
      <Filter>Source Files\Update</Filter>
    </ClCompile>
    <ClCompile Include="src\update\network.cpp">
      <Filter>Source Files\Update</Filter>
    </ClCompile>
    <ClCompile Include="src\update\archive.cpp">
      <Filter>Source Files\Update</Filter>
    </ClCompile>
    <ClCompile Include="src\utility.cpp">
      <Filter>Source Files\Utility</Filter>
    </ClCompile>
    <ClCompile Include="src\framerate.cpp">
      <Filter>Source Files\Utility</Filter>
    </ClCompile>
    <ClCompile Include="src\diagnostics\debug_utils.cpp">
      <Filter>Source Files\Diagnostics</Filter>
    </ClCompile>
    <ClCompile Include="src\diagnostics\crash_handler.cpp">
      <Filter>Source Files\Diagnostics</Filter>
    </ClCompile>
    <ClCompile Include="src\diagnostics\compatibility.cpp">
      <Filter>Source Files\Diagnostics</Filter>
    </ClCompile>
    <ClCompile Include="src\sound.cpp">
      <Filter>Source Files\Utility</Filter>
    </ClCompile>
    <ClCompile Include="src\hooks.cpp">
      <Filter>Source Files\Utility</Filter>
    </ClCompile>
    <ClCompile Include="src\window.cpp">
      <Filter>Source Files\Backends</Filter>
    </ClCompile>
    <ClCompile Include="src\plugins\ds3.cpp">
      <Filter>Source Files\Plugins</Filter>
    </ClCompile>
    <ClCompile Include="src\imgui\imgui.cpp">
      <Filter>Source Files\ImGui</Filter>
    </ClCompile>
    <ClCompile Include="src\imgui\imgui_demo.cpp">
      <Filter>Source Files\ImGui</Filter>
    </ClCompile>
    <ClCompile Include="src\imgui\imgui_draw.cpp">
      <Filter>Source Files\ImGui</Filter>
    </ClCompile>
    <ClCompile Include="src\imgui\backends\control_panel.cpp">
      <Filter>Source Files\ImGui</Filter>
    </ClCompile>
    <ClCompile Include="src\imgui\backends\imgui_d3d9.cpp">
      <Filter>Source Files\ImGui</Filter>
    </ClCompile>
    <ClCompile Include="src\imgui\backends\imgui_d3d11.cpp">
      <Filter>Source Files\ImGui</Filter>
    </ClCompile>
    <ClCompile Include="src\ImGui\EULA.cpp">
      <Filter>Source Files\ImGui</Filter>
    </ClCompile>
    <ClCompile Include="src\plugins\nier.cpp">
      <Filter>Source Files\Plugins</Filter>
    </ClCompile>
    <ClCompile Include="src\imgui\backends\imgui_gl3.cpp">
      <Filter>Source Files\ImGui</Filter>
    </ClCompile>
    <ClCompile Include="src\imgui\backends\imgui_vk.cpp">
      <Filter>Source Files\ImGui</Filter>
    </ClCompile>
    <ClCompile Include="src\render_backend.cpp">
      <Filter>Source Files\Backends\Render</Filter>
    </ClCompile>
    <ClCompile Include="src\input\xinput_hotplug.cpp">
      <Filter>Source Files\Backends\Input\XInput</Filter>
    </ClCompile>
    <ClCompile Include="src\input\xinput_core.cpp">
      <Filter>Source Files\Backends\Input\XInput</Filter>
    </ClCompile>
    <ClCompile Include="src\injection\injection.cpp">
      <Filter>Source Files\Backends\Injection</Filter>
    </ClCompile>
    <ClCompile Include="src\plugins\plugin_mgr.cpp">
      <Filter>Source Files\Plugins</Filter>
    </ClCompile>
    <ClCompile Include="src\CSteamWorks.cpp">
      <Filter>Source Files\Steam</Filter>
    </ClCompile>
    <ClCompile Include="src\input\input.cpp">
      <Filter>Source Files\Backends\Input</Filter>
    </ClCompile>
    <ClCompile Include="src\d3d8.cpp">
      <Filter>Source Files\Backends\Render\D3D8</Filter>
    </ClCompile>
    <ClCompile Include="src\import.cpp">
      <Filter>Source Files\Core</Filter>
    </ClCompile>
    <ClCompile Include="src\plugins\rime.cpp">
      <Filter>Source Files\Plugins</Filter>
    </ClCompile>
    <ClCompile Include="src\ddraw.cpp">
      <Filter>Source Files\Backends\Render\DDraw</Filter>
    </ClCompile>
    <ClCompile Include="src\plugins\ffencer_ad.cpp">
      <Filter>Source Files\Plugins</Filter>
    </ClCompile>
    <ClCompile Include="src\input\dinput8.cpp">
      <Filter>Source Files\Backends\Input\DirectInput</Filter>
    </ClCompile>
  </ItemGroup>
  <ItemGroup>
    <None Include="SpecialK.def">
      <Filter>DLL Export Definitions</Filter>
    </None>
    <None Include="depends\lib\CEGUI\x64\CEGUIBase-0.exp">
      <Filter>Libraries</Filter>
    </None>
    <None Include="depends\lib\CEGUI\Win32\CEGUIBase-0.exp">
      <Filter>Libraries</Filter>
    </None>
    <None Include="depends\lib\CEGUI\Win32\CEGUICommonDialogs-0.exp">
      <Filter>Libraries</Filter>
    </None>
    <None Include="depends\lib\CEGUI\x64\CEGUICommonDialogs-0.exp">
      <Filter>Libraries</Filter>
    </None>
    <None Include="depends\lib\CEGUI\x64\CEGUICoreWindowRendererSet.exp">
      <Filter>Libraries</Filter>
    </None>
    <None Include="depends\lib\CEGUI\Win32\CEGUICoreWindowRendererSet.exp">
      <Filter>Libraries</Filter>
    </None>
    <None Include="depends\lib\CEGUI\Win32\CEGUIDirect3D9Renderer-0.exp">
      <Filter>Libraries</Filter>
    </None>
    <None Include="depends\lib\CEGUI\x64\CEGUIDirect3D9Renderer-0.exp">
      <Filter>Libraries</Filter>
    </None>
    <None Include="depends\lib\CEGUI\x64\CEGUIDirect3D10Renderer-0.exp">
      <Filter>Libraries</Filter>
    </None>
    <None Include="depends\lib\CEGUI\Win32\CEGUIDirect3D10Renderer-0.exp">
      <Filter>Libraries</Filter>
    </None>
    <None Include="depends\lib\CEGUI\Win32\CEGUIDirect3D11Renderer-0.exp">
      <Filter>Libraries</Filter>
    </None>
    <None Include="depends\lib\CEGUI\x64\CEGUIDirect3D11Renderer-0.exp">
      <Filter>Libraries</Filter>
    </None>
    <None Include="depends\lib\CEGUI\Win32\CEGUIOpenGLRenderer-0.exp">
      <Filter>Libraries</Filter>
    </None>
    <None Include="depends\lib\CEGUI\x64\CEGUIOpenGLRenderer-0.exp">
      <Filter>Libraries</Filter>
    </None>
    <None Include="depends\lib\CEGUI\x64\CEGUIRapidXMLParser.exp">
      <Filter>Libraries</Filter>
    </None>
    <None Include="depends\lib\CEGUI\Win32\CEGUIRapidXMLParser.exp">
      <Filter>Libraries</Filter>
    </None>
    <None Include="depends\lib\CEGUI\x64\CEGUISTBImageCodec.exp">
      <Filter>Libraries</Filter>
    </None>
    <None Include="depends\lib\CEGUI\Win32\CEGUISTBImageCodec.exp">
      <Filter>Libraries</Filter>
    </None>
    <None Include="depends\lib\DirectXTex\Win32\DirectXTex.pdb">
      <Filter>Libraries</Filter>
    </None>
    <None Include="depends\lib\DirectXTex\x64\DirectXTex.pdb">
      <Filter>Libraries</Filter>
    </None>
    <None Include="installer.dll">
      <Filter>Libraries</Filter>
    </None>
    <None Include="installer64.dll">
      <Filter>Libraries</Filter>
    </None>
    <None Include="depends\lib\lzma\x64\libzma.pdb">
      <Filter>Libraries</Filter>
    </None>
    <None Include="version.ini">
      <Filter>Update Server</Filter>
    </None>
    <None Include="resource\cursors\ovr_ptr.cur">
      <Filter>Resource Files</Filter>
    </None>
    <None Include="resource\cursors\ovr_horz.cur">
      <Filter>Resource Files</Filter>
    </None>
    <None Include="injector64.dll">
      <Filter>Update Server</Filter>
    </None>
    <None Include="CHANGELOG" />
    <None Include="README.md" />
    <None Include="TODO" />
  </ItemGroup>
  <ItemGroup>
    <ResourceCompile Include="resource\Resource.rc">
      <Filter>Resource Files</Filter>
    </ResourceCompile>
    <ResourceCompile Include="SpecialK.rc">
      <Filter>Resource Files</Filter>
    </ResourceCompile>
  </ItemGroup>
  <ItemGroup>
    <Media Include="resource\annoying.wav">
      <Filter>Resource Files</Filter>
    </Media>
    <Media Include="resource\crash.wav">
      <Filter>Resource Files</Filter>
    </Media>
    <Media Include="resource\psn_trophy.wav">
      <Filter>Resource Files</Filter>
    </Media>
    <Media Include="resource\xbox.wav">
      <Filter>Resource Files</Filter>
    </Media>
  </ItemGroup>
  <ItemGroup>
    <Library Include="depends\lib\CEGUI\x64\CEGUIBase-0.lib">
      <Filter>Libraries</Filter>
    </Library>
    <Library Include="depends\lib\CEGUI\Win32\CEGUIBase-0.lib">
      <Filter>Libraries</Filter>
    </Library>
    <Library Include="depends\lib\CEGUI\Win32\CEGUICommonDialogs-0.lib">
      <Filter>Libraries</Filter>
    </Library>
    <Library Include="depends\lib\CEGUI\x64\CEGUICommonDialogs-0.lib">
      <Filter>Libraries</Filter>
    </Library>
    <Library Include="depends\lib\CEGUI\Win32\CEGUICoreWindowRendererSet.lib">
      <Filter>Libraries</Filter>
    </Library>
    <Library Include="depends\lib\CEGUI\x64\CEGUICoreWindowRendererSet.lib">
      <Filter>Libraries</Filter>
    </Library>
    <Library Include="depends\lib\CEGUI\Win32\CEGUIDirect3D9Renderer-0.lib">
      <Filter>Libraries</Filter>
    </Library>
    <Library Include="depends\lib\CEGUI\x64\CEGUIDirect3D9Renderer-0.lib">
      <Filter>Libraries</Filter>
    </Library>
    <Library Include="depends\lib\CEGUI\Win32\CEGUIDirect3D10Renderer-0.lib">
      <Filter>Libraries</Filter>
    </Library>
    <Library Include="depends\lib\CEGUI\x64\CEGUIDirect3D10Renderer-0.lib">
      <Filter>Libraries</Filter>
    </Library>
    <Library Include="depends\lib\CEGUI\Win32\CEGUIDirect3D11Renderer-0.lib">
      <Filter>Libraries</Filter>
    </Library>
    <Library Include="depends\lib\CEGUI\x64\CEGUIDirect3D11Renderer-0.lib">
      <Filter>Libraries</Filter>
    </Library>
    <Library Include="depends\lib\CEGUI\x64\CEGUIOpenGLRenderer-0.lib">
      <Filter>Libraries</Filter>
    </Library>
    <Library Include="depends\lib\CEGUI\Win32\CEGUIOpenGLRenderer-0.lib">
      <Filter>Libraries</Filter>
    </Library>
    <Library Include="depends\lib\CEGUI\Win32\CEGUIRapidXMLParser.lib">
      <Filter>Libraries</Filter>
    </Library>
    <Library Include="depends\lib\CEGUI\x64\CEGUIRapidXMLParser.lib">
      <Filter>Libraries</Filter>
    </Library>
    <Library Include="depends\lib\CEGUI\Win32\CEGUISTBImageCodec.lib">
      <Filter>Libraries</Filter>
    </Library>
    <Library Include="depends\lib\CEGUI\x64\CEGUISTBImageCodec.lib">
      <Filter>Libraries</Filter>
    </Library>
    <Library Include="depends\lib\DirectXTex\x64\DirectXTex.lib">
      <Filter>Libraries</Filter>
    </Library>
    <Library Include="depends\lib\DirectXTex\Win32\DirectXTex.lib">
      <Filter>Libraries</Filter>
    </Library>
    <Library Include="depends\lib\MinHook\Win32\libMinHook.lib">
      <Filter>Libraries</Filter>
    </Library>
    <Library Include="depends\lib\MinHook\x64\libMinHook64.lib">
      <Filter>Libraries</Filter>
    </Library>
    <Library Include="depends\lib\lzma\Win32\libzma.lib">
      <Filter>Libraries</Filter>
    </Library>
    <Library Include="depends\lib\lzma\x64\libzma.lib">
      <Filter>Libraries</Filter>
    </Library>
    <Library Include="depends\lib\steamapi\x64\steam_api64.lib">
      <Filter>Libraries\64-bit</Filter>
    </Library>
    <Library Include="depends\lib\nvapi\x64\nvapi64.lib">
      <Filter>Libraries\64-bit</Filter>
    </Library>
    <Library Include="depends\lib\steamapi\Win32\steam_api.lib">
      <Filter>Libraries\32-bit</Filter>
    </Library>
    <Library Include="depends\lib\nvapi\Win32\nvapi.lib">
      <Filter>Libraries\32-bit</Filter>
    </Library>
  </ItemGroup>
  <ItemGroup>
    <Text Include="LICENSE.txt" />
    <Text Include="resource\licenses\7zip.txt">
      <Filter>Resource Files</Filter>
    </Text>
    <Text Include="resource\licenses\ADL.txt">
      <Filter>Resource Files</Filter>
    </Text>
    <Text Include="resource\licenses\CEGUI.txt">
      <Filter>Resource Files</Filter>
    </Text>
    <Text Include="resource\licenses\DirectXTex.txt">
      <Filter>Resource Files</Filter>
    </Text>
    <Text Include="resource\licenses\FreeType2.txt">
      <Filter>Resource Files</Filter>
    </Text>
    <Text Include="resource\licenses\GLEW.txt">
      <Filter>Resource Files</Filter>
    </Text>
    <Text Include="resource\licenses\GLFW_2_2.txt">
      <Filter>Resource Files</Filter>
    </Text>
    <Text Include="resource\licenses\GLM_0_9_4_5.txt">
      <Filter>Resource Files</Filter>
    </Text>
    <Text Include="resource\licenses\ImGui.txt">
      <Filter>Resource Files</Filter>
    </Text>
    <Text Include="resource\licenses\Mesa_7_0.txt">
      <Filter>Resource Files</Filter>
    </Text>
    <Text Include="resource\licenses\MinHook.txt">
      <Filter>Resource Files</Filter>
    </Text>
    <Text Include="resource\licenses\nvapi.txt">
      <Filter>Resource Files</Filter>
    </Text>
    <Text Include="resource\licenses\Overview.txt">
      <Filter>Resource Files</Filter>
    </Text>
    <Text Include="resource\licenses\pcre.txt">
      <Filter>Resource Files</Filter>
    </Text>
    <Text Include="resource\licenses\pcre_cpp.txt">
      <Filter>Resource Files</Filter>
    </Text>
    <Text Include="resource\licenses\SpecialK.txt">
      <Filter>Resource Files</Filter>
    </Text>
    <Text Include="resource\licenses\stb.txt">
      <Filter>Resource Files</Filter>
    </Text>
    <Text Include="resource\licenses\Vulkan.txt">
      <Filter>Resource Files</Filter>
    </Text>
    <Text Include="resource\licenses\zlib.txt">
      <Filter>Resource Files</Filter>
    </Text>
  </ItemGroup>
</Project>