<?xml version="1.0" encoding="utf-8"?>
<Project ToolsVersion="4.0" xmlns="http://schemas.microsoft.com/developer/msbuild/2003">
  <ItemGroup>
    <Filter Include="Source Files">
      <UniqueIdentifier>{4FC737F1-C7A5-4376-A066-2A32D752A2FF}</UniqueIdentifier>
      <Extensions>cpp;c;cc;cxx;def;odl;idl;hpj;bat;asm;asmx</Extensions>
    </Filter>
    <Filter Include="Header Files">
      <UniqueIdentifier>{93995380-89BD-4b04-88EB-625FBE52EBFB}</UniqueIdentifier>
      <Extensions>h;hh;hpp;hxx;hm;inl;inc;xsd</Extensions>
    </Filter>
    <Filter Include="Resource Files">
      <UniqueIdentifier>{67DA6AB6-F800-4c08-8B7A-83BB121AAD01}</UniqueIdentifier>
      <Extensions>rc;ico;cur;bmp;dlg;rc2;rct;bin;rgs;gif;jpg;jpeg;jpe;resx;tiff;tif;png;wav;mfcribbon-ms</Extensions>
    </Filter>
    <Filter Include="Header Files\Backends">
      <UniqueIdentifier>{0e02a0c0-6c2f-4c78-a9fc-5fb182057e3c}</UniqueIdentifier>
    </Filter>
    <Filter Include="Source Files\Backends">
      <UniqueIdentifier>{c3aa99c1-1a7a-44b3-a85e-71e8399357a9}</UniqueIdentifier>
    </Filter>
    <Filter Include="Source Files\Backends\DXGI">
      <UniqueIdentifier>{9fc0d275-b19f-426f-95cd-1ea60a0a4e4f}</UniqueIdentifier>
    </Filter>
    <Filter Include="Header Files\Backends\DXGI">
      <UniqueIdentifier>{51556ace-0f83-4e7e-86f9-187c3ff300ba}</UniqueIdentifier>
    </Filter>
    <Filter Include="Libraries">
      <UniqueIdentifier>{6476d756-0c99-46ec-bc6c-4f9695d477e5}</UniqueIdentifier>
    </Filter>
    <Filter Include="Header Files\Diagnostics">
      <UniqueIdentifier>{05b0d4e1-1c73-4c73-b5b0-c2ab8082c6e9}</UniqueIdentifier>
    </Filter>
    <Filter Include="Source Files\DirectXTex">
      <UniqueIdentifier>{a27bd44f-f740-4eb2-8fbd-578a0cca981a}</UniqueIdentifier>
    </Filter>
    <Filter Include="Header Files\DirectXTex">
      <UniqueIdentifier>{53877763-ffe5-4232-9427-f0c56a07fa57}</UniqueIdentifier>
    </Filter>
    <Filter Include="Source Files\Backends\D3D9">
      <UniqueIdentifier>{038d867a-cc76-4b6b-be3b-f0c825a7fbd4}</UniqueIdentifier>
    </Filter>
    <Filter Include="Header Files\Backends\D3D9">
      <UniqueIdentifier>{6edf9f50-6c38-41f8-9392-801c33c99713}</UniqueIdentifier>
    </Filter>
    <Filter Include="Source Files\Diagnostics">
      <UniqueIdentifier>{05e53788-2b5b-4da9-8e0a-749b8481056a}</UniqueIdentifier>
    </Filter>
    <Filter Include="Source Files\Backends\Vulkan">
      <UniqueIdentifier>{b3e55d30-eb61-4133-9051-ecef8c9b2ba3}</UniqueIdentifier>
    </Filter>
    <Filter Include="Source Files\Backends\OpenGL">
      <UniqueIdentifier>{660a5a14-f7cb-46cd-b8db-7a4c79494b74}</UniqueIdentifier>
    </Filter>
    <Filter Include="Header Files\Backends\OpenGL">
      <UniqueIdentifier>{84c84912-d7f2-47e1-a62f-3d158cdf57fc}</UniqueIdentifier>
    </Filter>
    <Filter Include="Header Files\Backends\Vulkan">
      <UniqueIdentifier>{9dab1f98-acb1-4149-9520-8225f69fc95a}</UniqueIdentifier>
    </Filter>
    <Filter Include="Source Files\Update">
      <UniqueIdentifier>{e6ec08a7-8e65-4d10-90c4-450c13e4a46e}</UniqueIdentifier>
    </Filter>
    <Filter Include="Source Files\lzma">
      <UniqueIdentifier>{d0606294-afda-4c24-8ae0-b30ac9bf174a}</UniqueIdentifier>
    </Filter>
    <Filter Include="Header Files\Update">
      <UniqueIdentifier>{6c9ee774-936a-4832-8a8a-c4cbf5b9a6f4}</UniqueIdentifier>
    </Filter>
  </ItemGroup>
  <ItemGroup>
    <Text Include="ReadMe.txt" />
  </ItemGroup>
  <ItemGroup>
    <ClInclude Include="stdafx.h">
      <Filter>Header Files</Filter>
    </ClInclude>
    <ClInclude Include="targetver.h">
      <Filter>Header Files</Filter>
    </ClInclude>
    <ClInclude Include="nvapi.h">
      <Filter>Header Files</Filter>
    </ClInclude>
    <ClInclude Include="RTSSSharedMemory.h">
      <Filter>Header Files</Filter>
    </ClInclude>
    <ClInclude Include="ini.h">
      <Filter>Header Files</Filter>
    </ClInclude>
    <ClInclude Include="utility.h">
      <Filter>Header Files</Filter>
    </ClInclude>
    <ClInclude Include="config.h">
      <Filter>Header Files</Filter>
    </ClInclude>
    <ClInclude Include="parameter.h">
      <Filter>Header Files</Filter>
    </ClInclude>
    <ClInclude Include="io_monitor.h">
      <Filter>Header Files</Filter>
    </ClInclude>
    <ClInclude Include="osd.h">
      <Filter>Header Files</Filter>
    </ClInclude>
    <ClInclude Include="gpu_monitor.h">
      <Filter>Header Files</Filter>
    </ClInclude>
    <ClInclude Include="log.h">
      <Filter>Header Files</Filter>
    </ClInclude>
    <ClInclude Include="import.h">
      <Filter>Header Files</Filter>
    </ClInclude>
    <ClInclude Include="memory_monitor.h">
      <Filter>Header Files</Filter>
    </ClInclude>
    <ClInclude Include="adl.h">
      <Filter>Header Files</Filter>
    </ClInclude>
    <ClInclude Include="core.h">
      <Filter>Header Files</Filter>
    </ClInclude>
    <ClInclude Include="steam_api.h">
      <Filter>Header Files</Filter>
    </ClInclude>
    <ClInclude Include="resource.h">
      <Filter>Header Files</Filter>
    </ClInclude>
    <ClInclude Include="console.h">
      <Filter>Header Files</Filter>
    </ClInclude>
    <ClInclude Include="command.h">
      <Filter>Header Files</Filter>
    </ClInclude>
    <ClInclude Include="framerate.h">
      <Filter>Header Files</Filter>
    </ClInclude>
    <ClInclude Include="dxgi_backend.h">
      <Filter>Header Files\Backends\DXGI</Filter>
    </ClInclude>
    <ClInclude Include="diagnostics\crash_handler.h">
      <Filter>Header Files\Diagnostics</Filter>
    </ClInclude>
    <ClInclude Include="..\depends\DirectXTex\BC.h">
      <Filter>Header Files\DirectXTex</Filter>
    </ClInclude>
    <ClInclude Include="..\depends\DirectXTex\BCDirectCompute.h">
      <Filter>Header Files\DirectXTex</Filter>
    </ClInclude>
    <ClInclude Include="..\depends\DirectXTex\DDS.h">
      <Filter>Header Files\DirectXTex</Filter>
    </ClInclude>
    <ClInclude Include="..\depends\DirectXTex\DirectXTex.h">
      <Filter>Header Files\DirectXTex</Filter>
    </ClInclude>
    <ClInclude Include="..\depends\DirectXTex\DirectXTexP.h">
      <Filter>Header Files\DirectXTex</Filter>
    </ClInclude>
    <ClInclude Include="..\depends\DirectXTex\Filters.h">
      <Filter>Header Files\DirectXTex</Filter>
    </ClInclude>
    <ClInclude Include="..\depends\DirectXTex\scoped.h">
      <Filter>Header Files\DirectXTex</Filter>
    </ClInclude>
    <ClInclude Include="diagnostics\debug_utils.h">
      <Filter>Header Files\Diagnostics</Filter>
    </ClInclude>
    <ClInclude Include="d3d9_backend.h">
      <Filter>Header Files\Backends\D3D9</Filter>
    </ClInclude>
    <ClInclude Include="d3d9\texmgr.h">
      <Filter>Header Files\Backends\D3D9</Filter>
    </ClInclude>
    <ClInclude Include="d3d12_interfaces.h">
      <Filter>Header Files\Backends\DXGI</Filter>
    </ClInclude>
    <ClInclude Include="dxgi_interfaces.h">
      <Filter>Header Files\Backends\DXGI</Filter>
    </ClInclude>
    <ClInclude Include="diagnostics\compatibility.h">
      <Filter>Header Files\Diagnostics</Filter>
    </ClInclude>
    <ClInclude Include="tls.h">
      <Filter>Header Files</Filter>
    </ClInclude>
    <ClInclude Include="opengl_backend.h">
      <Filter>Header Files\Backends\OpenGL</Filter>
    </ClInclude>
    <ClInclude Include="vulkan_backend.h">
      <Filter>Header Files\Backends\Vulkan</Filter>
    </ClInclude>
    <ClInclude Include="update\archive.h">
      <Filter>Header Files\Update</Filter>
    </ClInclude>
  </ItemGroup>
  <ItemGroup>
    <ClCompile Include="stdafx.cpp">
      <Filter>Source Files</Filter>
    </ClCompile>
    <ClCompile Include="SpecialK.cpp">
      <Filter>Source Files</Filter>
    </ClCompile>
    <ClCompile Include="ini.cpp">
      <Filter>Source Files</Filter>
    </ClCompile>
    <ClCompile Include="config.cpp">
      <Filter>Source Files</Filter>
    </ClCompile>
    <ClCompile Include="parameter.cpp">
      <Filter>Source Files</Filter>
    </ClCompile>
    <ClCompile Include="io_monitor.cpp">
      <Filter>Source Files</Filter>
    </ClCompile>
    <ClCompile Include="osd.cpp">
      <Filter>Source Files</Filter>
    </ClCompile>
    <ClCompile Include="gpu_monitor.cpp">
      <Filter>Source Files</Filter>
    </ClCompile>
    <ClCompile Include="log.cpp">
      <Filter>Source Files</Filter>
    </ClCompile>
    <ClCompile Include="import.cpp">
      <Filter>Source Files</Filter>
    </ClCompile>
    <ClCompile Include="memory_monitor.cpp">
      <Filter>Source Files</Filter>
    </ClCompile>
    <ClCompile Include="core.cpp">
      <Filter>Source Files</Filter>
    </ClCompile>
    <ClCompile Include="utility.cpp">
      <Filter>Source Files</Filter>
    </ClCompile>
    <ClCompile Include="steam_api.cpp">
      <Filter>Source Files</Filter>
    </ClCompile>
    <ClCompile Include="nvapi.cpp">
      <Filter>Source Files</Filter>
    </ClCompile>
    <ClCompile Include="plugin_fo4.cpp">
      <Filter>Source Files</Filter>
    </ClCompile>
    <ClCompile Include="framerate.cpp">
      <Filter>Source Files</Filter>
    </ClCompile>
    <ClCompile Include="console.cpp">
      <Filter>Source Files</Filter>
    </ClCompile>
    <ClCompile Include="command.cpp">
      <Filter>Source Files</Filter>
    </ClCompile>
    <ClCompile Include="plugin_ds3.cpp">
      <Filter>Source Files</Filter>
    </ClCompile>
    <ClCompile Include="dxgi.cpp">
      <Filter>Source Files\Backends\DXGI</Filter>
    </ClCompile>
    <ClCompile Include="diagnostics\crash_handler.cpp">
      <Filter>Source Files\Diagnostics</Filter>
    </ClCompile>
    <ClCompile Include="..\depends\DirectXTex\BC.cpp">
      <Filter>Source Files\DirectXTex</Filter>
    </ClCompile>
    <ClCompile Include="..\depends\DirectXTex\BC4BC5.cpp">
      <Filter>Source Files\DirectXTex</Filter>
    </ClCompile>
    <ClCompile Include="..\depends\DirectXTex\BC6HBC7.cpp">
      <Filter>Source Files\DirectXTex</Filter>
    </ClCompile>
    <ClCompile Include="..\depends\DirectXTex\BCDirectCompute.cpp">
      <Filter>Source Files\DirectXTex</Filter>
    </ClCompile>
    <ClCompile Include="..\depends\DirectXTex\DirectXTexCompress.cpp">
      <Filter>Source Files\DirectXTex</Filter>
    </ClCompile>
    <ClCompile Include="..\depends\DirectXTex\DirectXTexCompressGPU.cpp">
      <Filter>Source Files\DirectXTex</Filter>
    </ClCompile>
    <ClCompile Include="..\depends\DirectXTex\DirectXTexConvert.cpp">
      <Filter>Source Files\DirectXTex</Filter>
    </ClCompile>
    <ClCompile Include="..\depends\DirectXTex\DirectXTexD3D11.cpp">
      <Filter>Source Files\DirectXTex</Filter>
    </ClCompile>
    <ClCompile Include="..\depends\DirectXTex\DirectXTexDDS.cpp">
      <Filter>Source Files\DirectXTex</Filter>
    </ClCompile>
    <ClCompile Include="..\depends\DirectXTex\DirectXTexFlipRotate.cpp">
      <Filter>Source Files\DirectXTex</Filter>
    </ClCompile>
    <ClCompile Include="..\depends\DirectXTex\DirectXTexImage.cpp">
      <Filter>Source Files\DirectXTex</Filter>
    </ClCompile>
    <ClCompile Include="..\depends\DirectXTex\DirectXTexMipmaps.cpp">
      <Filter>Source Files\DirectXTex</Filter>
    </ClCompile>
    <ClCompile Include="..\depends\DirectXTex\DirectXTexMisc.cpp">
      <Filter>Source Files\DirectXTex</Filter>
    </ClCompile>
    <ClCompile Include="..\depends\DirectXTex\DirectXTexNormalMaps.cpp">
      <Filter>Source Files\DirectXTex</Filter>
    </ClCompile>
    <ClCompile Include="..\depends\DirectXTex\DirectXTexPMAlpha.cpp">
      <Filter>Source Files\DirectXTex</Filter>
    </ClCompile>
    <ClCompile Include="..\depends\DirectXTex\DirectXTexResize.cpp">
      <Filter>Source Files\DirectXTex</Filter>
    </ClCompile>
    <ClCompile Include="..\depends\DirectXTex\DirectXTexTGA.cpp">
      <Filter>Source Files\DirectXTex</Filter>
    </ClCompile>
    <ClCompile Include="..\depends\DirectXTex\DirectXTexUtil.cpp">
      <Filter>Source Files\DirectXTex</Filter>
    </ClCompile>
    <ClCompile Include="..\depends\DirectXTex\DirectXTexWIC.cpp">
      <Filter>Source Files\DirectXTex</Filter>
    </ClCompile>
    <ClCompile Include="adl.cpp">
      <Filter>Source Files\DirectXTex</Filter>
    </ClCompile>
    <ClCompile Include="plugin_tw3.cpp">
      <Filter>Source Files</Filter>
    </ClCompile>
    <ClCompile Include="diagnostics\debug_utils.cpp">
      <Filter>Source Files\Diagnostics</Filter>
    </ClCompile>
    <ClCompile Include="d3d9.cpp">
      <Filter>Source Files\Backends\D3D9</Filter>
    </ClCompile>
    <ClCompile Include="d3d9\texmgr.cpp">
      <Filter>Source Files\Backends\D3D9</Filter>
    </ClCompile>
    <ClCompile Include="diagnostics\compatibility.cpp">
      <Filter>Source Files\Diagnostics</Filter>
    </ClCompile>
    <ClCompile Include="d3d12.cpp">
      <Filter>Source Files\Backends\DXGI</Filter>
    </ClCompile>
    <ClCompile Include="d3d11.cpp">
      <Filter>Source Files\Backends\DXGI</Filter>
    </ClCompile>
    <ClCompile Include="opengl.cpp">
      <Filter>Source Files\Backends\OpenGL</Filter>
    </ClCompile>
    <ClCompile Include="vulkan.cpp">
      <Filter>Source Files\Backends\Vulkan</Filter>
    </ClCompile>
    <ClCompile Include="update\version.cpp">
      <Filter>Source Files\Update</Filter>
    </ClCompile>
    <ClCompile Include="update\archive.cpp">
      <Filter>Source Files\Update</Filter>
    </ClCompile>
    <ClCompile Include="update\network.cpp">
      <Filter>Source Files\Update</Filter>
    </ClCompile>
    <ClCompile Include="..\depends\lzma\7zAlloc.c">
      <Filter>Source Files\lzma</Filter>
    </ClCompile>
    <ClCompile Include="..\depends\lzma\7zArcIn.c">
      <Filter>Source Files\lzma</Filter>
    </ClCompile>
    <ClCompile Include="..\depends\lzma\7zBuf.c">
      <Filter>Source Files\lzma</Filter>
    </ClCompile>
    <ClCompile Include="..\depends\lzma\7zBuf2.c">
      <Filter>Source Files\lzma</Filter>
    </ClCompile>
    <ClCompile Include="..\depends\lzma\7zCrc.c">
      <Filter>Source Files\lzma</Filter>
    </ClCompile>
    <ClCompile Include="..\depends\lzma\7zCrcOpt.c">
      <Filter>Source Files\lzma</Filter>
    </ClCompile>
    <ClCompile Include="..\depends\lzma\7zDec.c">
      <Filter>Source Files\lzma</Filter>
    </ClCompile>
    <ClCompile Include="..\depends\lzma\7zFile.c">
      <Filter>Source Files\lzma</Filter>
    </ClCompile>
    <ClCompile Include="..\depends\lzma\7zStream.c">
      <Filter>Source Files\lzma</Filter>
    </ClCompile>
    <ClCompile Include="..\depends\lzma\Aes.c">
      <Filter>Source Files\lzma</Filter>
    </ClCompile>
    <ClCompile Include="..\depends\lzma\AesOpt.c">
      <Filter>Source Files\lzma</Filter>
    </ClCompile>
    <ClCompile Include="..\depends\lzma\Alloc.c">
      <Filter>Source Files\lzma</Filter>
    </ClCompile>
    <ClCompile Include="..\depends\lzma\Bcj2.c">
      <Filter>Source Files\lzma</Filter>
    </ClCompile>
    <ClCompile Include="..\depends\lzma\Bcj2Enc.c">
      <Filter>Source Files\lzma</Filter>
    </ClCompile>
    <ClCompile Include="..\depends\lzma\Bra.c">
      <Filter>Source Files\lzma</Filter>
    </ClCompile>
    <ClCompile Include="..\depends\lzma\Bra86.c">
      <Filter>Source Files\lzma</Filter>
    </ClCompile>
    <ClCompile Include="..\depends\lzma\BraIA64.c">
      <Filter>Source Files\lzma</Filter>
    </ClCompile>
    <ClCompile Include="..\depends\lzma\CpuArch.c">
      <Filter>Source Files\lzma</Filter>
    </ClCompile>
    <ClCompile Include="..\depends\lzma\Delta.c">
      <Filter>Source Files\lzma</Filter>
    </ClCompile>
    <ClCompile Include="..\depends\lzma\LzFind.c">
      <Filter>Source Files\lzma</Filter>
    </ClCompile>
    <ClCompile Include="..\depends\lzma\LzFindMt.c">
      <Filter>Source Files\lzma</Filter>
    </ClCompile>
    <ClCompile Include="..\depends\lzma\Lzma2Dec.c">
      <Filter>Source Files\lzma</Filter>
    </ClCompile>
    <ClCompile Include="..\depends\lzma\Lzma2Enc.c">
      <Filter>Source Files\lzma</Filter>
    </ClCompile>
    <ClCompile Include="..\depends\lzma\Lzma86Dec.c">
      <Filter>Source Files\lzma</Filter>
    </ClCompile>
    <ClCompile Include="..\depends\lzma\Lzma86Enc.c">
      <Filter>Source Files\lzma</Filter>
    </ClCompile>
    <ClCompile Include="..\depends\lzma\LzmaDec.c">
      <Filter>Source Files\lzma</Filter>
    </ClCompile>
    <ClCompile Include="..\depends\lzma\LzmaEnc.c">
      <Filter>Source Files\lzma</Filter>
    </ClCompile>
    <ClCompile Include="..\depends\lzma\LzmaLib.c">
      <Filter>Source Files\lzma</Filter>
    </ClCompile>
    <ClCompile Include="..\depends\lzma\MtCoder.c">
      <Filter>Source Files\lzma</Filter>
    </ClCompile>
    <ClCompile Include="..\depends\lzma\Ppmd7.c">
      <Filter>Source Files\lzma</Filter>
    </ClCompile>
    <ClCompile Include="..\depends\lzma\Ppmd7Dec.c">
      <Filter>Source Files\lzma</Filter>
    </ClCompile>
    <ClCompile Include="..\depends\lzma\Ppmd7Enc.c">
      <Filter>Source Files\lzma</Filter>
    </ClCompile>
    <ClCompile Include="..\depends\lzma\Sha256.c">
      <Filter>Source Files\lzma</Filter>
    </ClCompile>
    <ClCompile Include="..\depends\lzma\Sort.c">
      <Filter>Source Files\lzma</Filter>
    </ClCompile>
    <ClCompile Include="..\depends\lzma\Threads.c">
      <Filter>Source Files\lzma</Filter>
    </ClCompile>
    <ClCompile Include="..\depends\lzma\Xz.c">
      <Filter>Source Files\lzma</Filter>
    </ClCompile>
    <ClCompile Include="..\depends\lzma\XzCrc64.c">
      <Filter>Source Files\lzma</Filter>
    </ClCompile>
    <ClCompile Include="..\depends\lzma\XzCrc64Opt.c">
      <Filter>Source Files\lzma</Filter>
    </ClCompile>
    <ClCompile Include="..\depends\lzma\XzDec.c">
      <Filter>Source Files\lzma</Filter>
    </ClCompile>
    <ClCompile Include="..\depends\lzma\XzEnc.c">
      <Filter>Source Files\lzma</Filter>
    </ClCompile>
    <ClCompile Include="..\depends\lzma\XzIn.c">
      <Filter>Source Files\lzma</Filter>
    </ClCompile>
  </ItemGroup>
  <ItemGroup>
    <None Include="d3d9.def">
      <Filter>Source Files</Filter>
    </None>
    <None Include="..\version.ini" />
  </ItemGroup>
  <ItemGroup>
    <ResourceCompile Include="Resource.rc">
      <Filter>Resource Files</Filter>
    </ResourceCompile>
  </ItemGroup>
  <ItemGroup>
    <Media Include="..\depends\psn_trophy.wav">
      <Filter>Resource Files</Filter>
    </Media>
    <Media Include="..\depends\crash.wav">
      <Filter>Resource Files</Filter>
    </Media>
    <Media Include="..\..\..\..\Downloads\xbox.wav">
      <Filter>Resource Files</Filter>
    </Media>
    <Media Include="..\depends\xbox.wav">
      <Filter>Resource Files</Filter>
    </Media>
  </ItemGroup>
</Project>