<?xml version="1.0" encoding="utf-8"?>
<Project ToolsVersion="4.0" xmlns="http://schemas.microsoft.com/developer/msbuild/2003">
  <ItemGroup>
    <Filter Include="Source Files">
      <UniqueIdentifier>{4FC737F1-C7A5-4376-A066-2A32D752A2FF}</UniqueIdentifier>
      <Extensions>cpp;c;cc;cxx;def;odl;idl;hpj;bat;asm;asmx</Extensions>
    </Filter>
    <Filter Include="Header Files">
      <UniqueIdentifier>{93995380-89BD-4b04-88EB-625FBE52EBFB}</UniqueIdentifier>
      <Extensions>h;hh;hpp;hxx;hm;inl;inc;xsd</Extensions>
    </Filter>
    <Filter Include="Resource Files">
      <UniqueIdentifier>{67DA6AB6-F800-4c08-8B7A-83BB121AAD01}</UniqueIdentifier>
      <Extensions>rc;ico;cur;bmp;dlg;rc2;rct;bin;rgs;gif;jpg;jpeg;jpe;resx;tiff;tif;png;wav;mfcribbon-ms</Extensions>
    </Filter>
    <Filter Include="Header Files\Backends">
      <UniqueIdentifier>{0e02a0c0-6c2f-4c78-a9fc-5fb182057e3c}</UniqueIdentifier>
    </Filter>
    <Filter Include="Source Files\Backends">
      <UniqueIdentifier>{c3aa99c1-1a7a-44b3-a85e-71e8399357a9}</UniqueIdentifier>
    </Filter>
    <Filter Include="Source Files\Backends\DXGI">
      <UniqueIdentifier>{9fc0d275-b19f-426f-95cd-1ea60a0a4e4f}</UniqueIdentifier>
    </Filter>
    <Filter Include="Header Files\Backends\DXGI">
      <UniqueIdentifier>{51556ace-0f83-4e7e-86f9-187c3ff300ba}</UniqueIdentifier>
    </Filter>
  </ItemGroup>
  <ItemGroup>
    <Text Include="ReadMe.txt" />
  </ItemGroup>
  <ItemGroup>
    <ClInclude Include="stdafx.h">
      <Filter>Header Files</Filter>
    </ClInclude>
    <ClInclude Include="targetver.h">
      <Filter>Header Files</Filter>
    </ClInclude>
    <ClInclude Include="nvapi.h">
      <Filter>Header Files</Filter>
    </ClInclude>
    <ClInclude Include="RTSSSharedMemory.h">
      <Filter>Header Files</Filter>
    </ClInclude>
    <ClInclude Include="ini.h">
      <Filter>Header Files</Filter>
    </ClInclude>
    <ClInclude Include="utility.h">
      <Filter>Header Files</Filter>
    </ClInclude>
    <ClInclude Include="config.h">
      <Filter>Header Files</Filter>
    </ClInclude>
    <ClInclude Include="parameter.h">
      <Filter>Header Files</Filter>
    </ClInclude>
    <ClInclude Include="io_monitor.h">
      <Filter>Header Files</Filter>
    </ClInclude>
    <ClInclude Include="osd.h">
      <Filter>Header Files</Filter>
    </ClInclude>
    <ClInclude Include="gpu_monitor.h">
      <Filter>Header Files</Filter>
    </ClInclude>
    <ClInclude Include="log.h">
      <Filter>Header Files</Filter>
    </ClInclude>
    <ClInclude Include="import.h">
      <Filter>Header Files</Filter>
    </ClInclude>
    <ClInclude Include="memory_monitor.h">
      <Filter>Header Files</Filter>
    </ClInclude>
    <ClInclude Include="dxgi_interfaces.h">
      <Filter>Header Files</Filter>
    </ClInclude>
    <ClInclude Include="adl.h">
      <Filter>Header Files</Filter>
    </ClInclude>
    <ClInclude Include="d3d9_backend.h">
      <Filter>Header Files\Backends</Filter>
    </ClInclude>
    <ClInclude Include="opengl_backend.h">
      <Filter>Header Files\Backends</Filter>
    </ClInclude>
    <ClInclude Include="core.h">
      <Filter>Header Files</Filter>
    </ClInclude>
    <ClInclude Include="steam_api.h">
      <Filter>Header Files</Filter>
    </ClInclude>
    <ClInclude Include="resource.h">
      <Filter>Header Files</Filter>
    </ClInclude>
    <ClInclude Include="console.h">
      <Filter>Header Files</Filter>
    </ClInclude>
    <ClInclude Include="command.h">
      <Filter>Header Files</Filter>
    </ClInclude>
    <ClInclude Include="framerate.h">
      <Filter>Header Files</Filter>
    </ClInclude>
    <ClInclude Include="dxgi_backend.h">
      <Filter>Header Files\Backends\DXGI</Filter>
    </ClInclude>
  </ItemGroup>
  <ItemGroup>
    <ClCompile Include="stdafx.cpp">
      <Filter>Source Files</Filter>
    </ClCompile>
    <ClCompile Include="SpecialK.cpp">
      <Filter>Source Files</Filter>
    </ClCompile>
    <ClCompile Include="ini.cpp">
      <Filter>Source Files</Filter>
    </ClCompile>
    <ClCompile Include="config.cpp">
      <Filter>Source Files</Filter>
    </ClCompile>
    <ClCompile Include="parameter.cpp">
      <Filter>Source Files</Filter>
    </ClCompile>
    <ClCompile Include="io_monitor.cpp">
      <Filter>Source Files</Filter>
    </ClCompile>
    <ClCompile Include="osd.cpp">
      <Filter>Source Files</Filter>
    </ClCompile>
    <ClCompile Include="gpu_monitor.cpp">
      <Filter>Source Files</Filter>
    </ClCompile>
    <ClCompile Include="log.cpp">
      <Filter>Source Files</Filter>
    </ClCompile>
    <ClCompile Include="import.cpp">
      <Filter>Source Files</Filter>
    </ClCompile>
    <ClCompile Include="memory_monitor.cpp">
      <Filter>Source Files</Filter>
    </ClCompile>
    <ClCompile Include="d3d9.cpp">
      <Filter>Source Files\Backends</Filter>
    </ClCompile>
    <ClCompile Include="opengl.cpp">
      <Filter>Source Files\Backends</Filter>
    </ClCompile>
    <ClCompile Include="core.cpp">
      <Filter>Source Files</Filter>
    </ClCompile>
    <ClCompile Include="utility.cpp">
      <Filter>Source Files</Filter>
    </ClCompile>
    <ClCompile Include="adl.cpp">
      <Filter>Source Files</Filter>
    </ClCompile>
    <ClCompile Include="steam_api.cpp">
      <Filter>Source Files</Filter>
    </ClCompile>
    <ClCompile Include="nvapi.cpp">
      <Filter>Source Files</Filter>
    </ClCompile>
    <ClCompile Include="plugin_fo4.cpp">
      <Filter>Source Files</Filter>
    </ClCompile>
    <ClCompile Include="framerate.cpp">
      <Filter>Source Files</Filter>
    </ClCompile>
    <ClCompile Include="console.cpp">
      <Filter>Source Files</Filter>
    </ClCompile>
    <ClCompile Include="command.cpp">
      <Filter>Source Files</Filter>
    </ClCompile>
    <ClCompile Include="plugin_ds3.cpp">
      <Filter>Source Files</Filter>
    </ClCompile>
    <ClCompile Include="dxgi.cpp">
      <Filter>Source Files\Backends\DXGI</Filter>
    </ClCompile>
  </ItemGroup>
  <ItemGroup>
    <None Include="d3d9.def">
      <Filter>Source Files</Filter>
    </None>
  </ItemGroup>
  <ItemGroup>
    <ResourceCompile Include="Resource.rc">
      <Filter>Resource Files</Filter>
    </ResourceCompile>
  </ItemGroup>
  <ItemGroup>
    <Media Include="..\depends\psn_trophy.wav">
      <Filter>Resource Files</Filter>
    </Media>
  </ItemGroup>
</Project>